// !$*UTF8*$!
{
	archiveVersion = 1;
	classes = {
	};
	objectVersion = 50;
	objects = {

/* Begin PBXBuildFile section */
		0B1D16B521ED4105007E2C9D /* AppDelegate.m in Sources */ = {isa = PBXBuildFile; fileRef = 0B1D16B421ED4105007E2C9D /* AppDelegate.m */; };
		0B1D16B821ED4105007E2C9D /* ViewController.m in Sources */ = {isa = PBXBuildFile; fileRef = 0B1D16B721ED4105007E2C9D /* ViewController.m */; };
		0B1D16BB21ED4105007E2C9D /* Main.storyboard in Resources */ = {isa = PBXBuildFile; fileRef = 0B1D16B921ED4105007E2C9D /* Main.storyboard */; };
		0B1D16BD21ED4106007E2C9D /* Assets.xcassets in Resources */ = {isa = PBXBuildFile; fileRef = 0B1D16BC21ED4106007E2C9D /* Assets.xcassets */; };
		0B1D16C021ED4106007E2C9D /* LaunchScreen.storyboard in Resources */ = {isa = PBXBuildFile; fileRef = 0B1D16BE21ED4106007E2C9D /* LaunchScreen.storyboard */; };
		0B1D16C321ED4106007E2C9D /* main.m in Sources */ = {isa = PBXBuildFile; fileRef = 0B1D16C221ED4106007E2C9D /* main.m */; };
		0B1D16CD21ED4107007E2C9D /* _PlayerMathTests.m in Sources */ = {isa = PBXBuildFile; fileRef = 0B1D16CC21ED4107007E2C9D /* _PlayerMathTests.m */; };
		0B1D16D821ED4107007E2C9D /* _PlayerMathUITests.m in Sources */ = {isa = PBXBuildFile; fileRef = 0B1D16D721ED4107007E2C9D /* _PlayerMathUITests.m */; };
/* End PBXBuildFile section */

/* Begin PBXContainerItemProxy section */
		0B1D16C921ED4106007E2C9D /* PBXContainerItemProxy */ = {
			isa = PBXContainerItemProxy;
			containerPortal = 0B1D16A821ED4105007E2C9D /* Project object */;
			proxyType = 1;
			remoteGlobalIDString = 0B1D16AF21ED4105007E2C9D;
			remoteInfo = 2PlayerMath;
		};
		0B1D16D421ED4107007E2C9D /* PBXContainerItemProxy */ = {
			isa = PBXContainerItemProxy;
			containerPortal = 0B1D16A821ED4105007E2C9D /* Project object */;
			proxyType = 1;
			remoteGlobalIDString = 0B1D16AF21ED4105007E2C9D;
			remoteInfo = 2PlayerMath;
		};
/* End PBXContainerItemProxy section */

/* Begin PBXFileReference section */
		0B1D16B021ED4105007E2C9D /* 2PlayerMath.app */ = {isa = PBXFileReference; explicitFileType = wrapper.application; includeInIndex = 0; path = 2PlayerMath.app; sourceTree = BUILT_PRODUCTS_DIR; };
		0B1D16B321ED4105007E2C9D /* AppDelegate.h */ = {isa = PBXFileReference; lastKnownFileType = sourcecode.c.h; path = AppDelegate.h; sourceTree = "<group>"; };
		0B1D16B421ED4105007E2C9D /* AppDelegate.m */ = {isa = PBXFileReference; lastKnownFileType = sourcecode.c.objc; path = AppDelegate.m; sourceTree = "<group>"; };
		0B1D16B621ED4105007E2C9D /* ViewController.h */ = {isa = PBXFileReference; lastKnownFileType = sourcecode.c.h; path = ViewController.h; sourceTree = "<group>"; };
		0B1D16B721ED4105007E2C9D /* ViewController.m */ = {isa = PBXFileReference; lastKnownFileType = sourcecode.c.objc; path = ViewController.m; sourceTree = "<group>"; };
		0B1D16BA21ED4105007E2C9D /* Base */ = {isa = PBXFileReference; lastKnownFileType = file.storyboard; name = Base; path = Base.lproj/Main.storyboard; sourceTree = "<group>"; };
		0B1D16BC21ED4106007E2C9D /* Assets.xcassets */ = {isa = PBXFileReference; lastKnownFileType = folder.assetcatalog; path = Assets.xcassets; sourceTree = "<group>"; };
		0B1D16BF21ED4106007E2C9D /* Base */ = {isa = PBXFileReference; lastKnownFileType = file.storyboard; name = Base; path = Base.lproj/LaunchScreen.storyboard; sourceTree = "<group>"; };
		0B1D16C121ED4106007E2C9D /* Info.plist */ = {isa = PBXFileReference; lastKnownFileType = text.plist.xml; path = Info.plist; sourceTree = "<group>"; };
		0B1D16C221ED4106007E2C9D /* main.m */ = {isa = PBXFileReference; lastKnownFileType = sourcecode.c.objc; path = main.m; sourceTree = "<group>"; };
		0B1D16C821ED4106007E2C9D /* 2PlayerMathTests.xctest */ = {isa = PBXFileReference; explicitFileType = wrapper.cfbundle; includeInIndex = 0; path = 2PlayerMathTests.xctest; sourceTree = BUILT_PRODUCTS_DIR; };
		0B1D16CC21ED4107007E2C9D /* _PlayerMathTests.m */ = {isa = PBXFileReference; lastKnownFileType = sourcecode.c.objc; path = _PlayerMathTests.m; sourceTree = "<group>"; };
		0B1D16CE21ED4107007E2C9D /* Info.plist */ = {isa = PBXFileReference; lastKnownFileType = text.plist.xml; path = Info.plist; sourceTree = "<group>"; };
		0B1D16D321ED4107007E2C9D /* 2PlayerMathUITests.xctest */ = {isa = PBXFileReference; explicitFileType = wrapper.cfbundle; includeInIndex = 0; path = 2PlayerMathUITests.xctest; sourceTree = BUILT_PRODUCTS_DIR; };
		0B1D16D721ED4107007E2C9D /* _PlayerMathUITests.m */ = {isa = PBXFileReference; lastKnownFileType = sourcecode.c.objc; path = _PlayerMathUITests.m; sourceTree = "<group>"; };
		0B1D16D921ED4107007E2C9D /* Info.plist */ = {isa = PBXFileReference; lastKnownFileType = text.plist.xml; path = Info.plist; sourceTree = "<group>"; };
/* End PBXFileReference section */

/* Begin PBXFrameworksBuildPhase section */
		0B1D16AD21ED4105007E2C9D /* Frameworks */ = {
			isa = PBXFrameworksBuildPhase;
			buildActionMask = 2147483647;
			files = (
			);
			runOnlyForDeploymentPostprocessing = 0;
		};
		0B1D16C521ED4106007E2C9D /* Frameworks */ = {
			isa = PBXFrameworksBuildPhase;
			buildActionMask = 2147483647;
			files = (
			);
			runOnlyForDeploymentPostprocessing = 0;
		};
		0B1D16D021ED4107007E2C9D /* Frameworks */ = {
			isa = PBXFrameworksBuildPhase;
			buildActionMask = 2147483647;
			files = (
			);
			runOnlyForDeploymentPostprocessing = 0;
		};
/* End PBXFrameworksBuildPhase section */

/* Begin PBXGroup section */
		0B1D16A721ED4105007E2C9D = {
			isa = PBXGroup;
			children = (
				0B1D16B221ED4105007E2C9D /* 2PlayerMath */,
				0B1D16CB21ED4107007E2C9D /* 2PlayerMathTests */,
				0B1D16D621ED4107007E2C9D /* 2PlayerMathUITests */,
				0B1D16B121ED4105007E2C9D /* Products */,
			);
			sourceTree = "<group>";
		};
		0B1D16B121ED4105007E2C9D /* Products */ = {
			isa = PBXGroup;
			children = (
				0B1D16B021ED4105007E2C9D /* 2PlayerMath.app */,
				0B1D16C821ED4106007E2C9D /* 2PlayerMathTests.xctest */,
				0B1D16D321ED4107007E2C9D /* 2PlayerMathUITests.xctest */,
			);
			name = Products;
			sourceTree = "<group>";
		};
		0B1D16B221ED4105007E2C9D /* 2PlayerMath */ = {
			isa = PBXGroup;
			children = (
				0B1D16B321ED4105007E2C9D /* AppDelegate.h */,
				0B1D16B421ED4105007E2C9D /* AppDelegate.m */,
				0B1D16B621ED4105007E2C9D /* ViewController.h */,
				0B1D16B721ED4105007E2C9D /* ViewController.m */,
				0B1D16B921ED4105007E2C9D /* Main.storyboard */,
				0B1D16BC21ED4106007E2C9D /* Assets.xcassets */,
				0B1D16BE21ED4106007E2C9D /* LaunchScreen.storyboard */,
				0B1D16C121ED4106007E2C9D /* Info.plist */,
				0B1D16C221ED4106007E2C9D /* main.m */,
			);
			path = 2PlayerMath;
			sourceTree = "<group>";
		};
		0B1D16CB21ED4107007E2C9D /* 2PlayerMathTests */ = {
			isa = PBXGroup;
			children = (
				0B1D16CC21ED4107007E2C9D /* _PlayerMathTests.m */,
				0B1D16CE21ED4107007E2C9D /* Info.plist */,
			);
			path = 2PlayerMathTests;
			sourceTree = "<group>";
		};
		0B1D16D621ED4107007E2C9D /* 2PlayerMathUITests */ = {
			isa = PBXGroup;
			children = (
				0B1D16D721ED4107007E2C9D /* _PlayerMathUITests.m */,
				0B1D16D921ED4107007E2C9D /* Info.plist */,
			);
			path = 2PlayerMathUITests;
			sourceTree = "<group>";
		};
/* End PBXGroup section */

/* Begin PBXNativeTarget section */
		0B1D16AF21ED4105007E2C9D /* 2PlayerMath */ = {
			isa = PBXNativeTarget;
			buildConfigurationList = 0B1D16DC21ED4107007E2C9D /* Build configuration list for PBXNativeTarget "2PlayerMath" */;
			buildPhases = (
				0B1D16AC21ED4105007E2C9D /* Sources */,
				0B1D16AD21ED4105007E2C9D /* Frameworks */,
				0B1D16AE21ED4105007E2C9D /* Resources */,
			);
			buildRules = (
			);
			dependencies = (
			);
			name = 2PlayerMath;
			productName = 2PlayerMath;
			productReference = 0B1D16B021ED4105007E2C9D /* 2PlayerMath.app */;
			productType = "com.apple.product-type.application";
		};
		0B1D16C721ED4106007E2C9D /* 2PlayerMathTests */ = {
			isa = PBXNativeTarget;
			buildConfigurationList = 0B1D16DF21ED4107007E2C9D /* Build configuration list for PBXNativeTarget "2PlayerMathTests" */;
			buildPhases = (
				0B1D16C421ED4106007E2C9D /* Sources */,
				0B1D16C521ED4106007E2C9D /* Frameworks */,
				0B1D16C621ED4106007E2C9D /* Resources */,
			);
			buildRules = (
			);
			dependencies = (
				0B1D16CA21ED4106007E2C9D /* PBXTargetDependency */,
			);
			name = 2PlayerMathTests;
			productName = 2PlayerMathTests;
			productReference = 0B1D16C821ED4106007E2C9D /* 2PlayerMathTests.xctest */;
			productType = "com.apple.product-type.bundle.unit-test";
		};
		0B1D16D221ED4107007E2C9D /* 2PlayerMathUITests */ = {
			isa = PBXNativeTarget;
			buildConfigurationList = 0B1D16E221ED4107007E2C9D /* Build configuration list for PBXNativeTarget "2PlayerMathUITests" */;
			buildPhases = (
				0B1D16CF21ED4107007E2C9D /* Sources */,
				0B1D16D021ED4107007E2C9D /* Frameworks */,
				0B1D16D121ED4107007E2C9D /* Resources */,
			);
			buildRules = (
			);
			dependencies = (
				0B1D16D521ED4107007E2C9D /* PBXTargetDependency */,
			);
			name = 2PlayerMathUITests;
			productName = 2PlayerMathUITests;
			productReference = 0B1D16D321ED4107007E2C9D /* 2PlayerMathUITests.xctest */;
			productType = "com.apple.product-type.bundle.ui-testing";
		};
/* End PBXNativeTarget section */

/* Begin PBXProject section */
		0B1D16A821ED4105007E2C9D /* Project object */ = {
			isa = PBXProject;
			attributes = {
				LastUpgradeCheck = 1010;
				ORGANIZATIONNAME = "Spencer Symington";
				TargetAttributes = {
					0B1D16AF21ED4105007E2C9D = {
						CreatedOnToolsVersion = 10.1;
					};
					0B1D16C721ED4106007E2C9D = {
						CreatedOnToolsVersion = 10.1;
						TestTargetID = 0B1D16AF21ED4105007E2C9D;
					};
					0B1D16D221ED4107007E2C9D = {
						CreatedOnToolsVersion = 10.1;
						TestTargetID = 0B1D16AF21ED4105007E2C9D;
					};
				};
			};
			buildConfigurationList = 0B1D16AB21ED4105007E2C9D /* Build configuration list for PBXProject "2PlayerMath" */;
			compatibilityVersion = "Xcode 9.3";
			developmentRegion = en;
			hasScannedForEncodings = 0;
			knownRegions = (
				en,
				Base,
			);
			mainGroup = 0B1D16A721ED4105007E2C9D;
			productRefGroup = 0B1D16B121ED4105007E2C9D /* Products */;
			projectDirPath = "";
			projectRoot = "";
			targets = (
				0B1D16AF21ED4105007E2C9D /* 2PlayerMath */,
				0B1D16C721ED4106007E2C9D /* 2PlayerMathTests */,
				0B1D16D221ED4107007E2C9D /* 2PlayerMathUITests */,
			);
		};
/* End PBXProject section */

/* Begin PBXResourcesBuildPhase section */
		0B1D16AE21ED4105007E2C9D /* Resources */ = {
			isa = PBXResourcesBuildPhase;
			buildActionMask = 2147483647;
			files = (
				0B1D16C021ED4106007E2C9D /* LaunchScreen.storyboard in Resources */,
				0B1D16BD21ED4106007E2C9D /* Assets.xcassets in Resources */,
				0B1D16BB21ED4105007E2C9D /* Main.storyboard in Resources */,
			);
			runOnlyForDeploymentPostprocessing = 0;
		};
		0B1D16C621ED4106007E2C9D /* Resources */ = {
			isa = PBXResourcesBuildPhase;
			buildActionMask = 2147483647;
			files = (
			);
			runOnlyForDeploymentPostprocessing = 0;
		};
		0B1D16D121ED4107007E2C9D /* Resources */ = {
			isa = PBXResourcesBuildPhase;
			buildActionMask = 2147483647;
			files = (
			);
			runOnlyForDeploymentPostprocessing = 0;
		};
/* End PBXResourcesBuildPhase section */

/* Begin PBXSourcesBuildPhase section */
		0B1D16AC21ED4105007E2C9D /* Sources */ = {
			isa = PBXSourcesBuildPhase;
			buildActionMask = 2147483647;
			files = (
				0B1D16B821ED4105007E2C9D /* ViewController.m in Sources */,
				0B1D16C321ED4106007E2C9D /* main.m in Sources */,
				0B1D16B521ED4105007E2C9D /* AppDelegate.m in Sources */,
			);
			runOnlyForDeploymentPostprocessing = 0;
		};
		0B1D16C421ED4106007E2C9D /* Sources */ = {
			isa = PBXSourcesBuildPhase;
			buildActionMask = 2147483647;
			files = (
				0B1D16CD21ED4107007E2C9D /* _PlayerMathTests.m in Sources */,
			);
			runOnlyForDeploymentPostprocessing = 0;
		};
		0B1D16CF21ED4107007E2C9D /* Sources */ = {
			isa = PBXSourcesBuildPhase;
			buildActionMask = 2147483647;
			files = (
				0B1D16D821ED4107007E2C9D /* _PlayerMathUITests.m in Sources */,
			);
			runOnlyForDeploymentPostprocessing = 0;
		};
/* End PBXSourcesBuildPhase section */

/* Begin PBXTargetDependency section */
		0B1D16CA21ED4106007E2C9D /* PBXTargetDependency */ = {
			isa = PBXTargetDependency;
			target = 0B1D16AF21ED4105007E2C9D /* 2PlayerMath */;
			targetProxy = 0B1D16C921ED4106007E2C9D /* PBXContainerItemProxy */;
		};
		0B1D16D521ED4107007E2C9D /* PBXTargetDependency */ = {
			isa = PBXTargetDependency;
			target = 0B1D16AF21ED4105007E2C9D /* 2PlayerMath */;
			targetProxy = 0B1D16D421ED4107007E2C9D /* PBXContainerItemProxy */;
		};
/* End PBXTargetDependency section */

/* Begin PBXVariantGroup section */
		0B1D16B921ED4105007E2C9D /* Main.storyboard */ = {
			isa = PBXVariantGroup;
			children = (
				0B1D16BA21ED4105007E2C9D /* Base */,
			);
			name = Main.storyboard;
			sourceTree = "<group>";
		};
		0B1D16BE21ED4106007E2C9D /* LaunchScreen.storyboard */ = {
			isa = PBXVariantGroup;
			children = (
				0B1D16BF21ED4106007E2C9D /* Base */,
			);
			name = LaunchScreen.storyboard;
			sourceTree = "<group>";
		};
/* End PBXVariantGroup section */

/* Begin XCBuildConfiguration section */
		0B1D16DA21ED4107007E2C9D /* Debug */ = {
			isa = XCBuildConfiguration;
			buildSettings = {
				ALWAYS_SEARCH_USER_PATHS = NO;
				CLANG_ANALYZER_NONNULL = YES;
				CLANG_ANALYZER_NUMBER_OBJECT_CONVERSION = YES_AGGRESSIVE;
				CLANG_CXX_LANGUAGE_STANDARD = "gnu++14";
				CLANG_CXX_LIBRARY = "libc++";
				CLANG_ENABLE_MODULES = YES;
				CLANG_ENABLE_OBJC_ARC = YES;
				CLANG_ENABLE_OBJC_WEAK = YES;
				CLANG_WARN_BLOCK_CAPTURE_AUTORELEASING = YES;
				CLANG_WARN_BOOL_CONVERSION = YES;
				CLANG_WARN_COMMA = YES;
				CLANG_WARN_CONSTANT_CONVERSION = YES;
				CLANG_WARN_DEPRECATED_OBJC_IMPLEMENTATIONS = YES;
				CLANG_WARN_DIRECT_OBJC_ISA_USAGE = YES_ERROR;
				CLANG_WARN_DOCUMENTATION_COMMENTS = YES;
				CLANG_WARN_EMPTY_BODY = YES;
				CLANG_WARN_ENUM_CONVERSION = YES;
				CLANG_WARN_INFINITE_RECURSION = YES;
				CLANG_WARN_INT_CONVERSION = YES;
				CLANG_WARN_NON_LITERAL_NULL_CONVERSION = YES;
				CLANG_WARN_OBJC_IMPLICIT_RETAIN_SELF = YES;
				CLANG_WARN_OBJC_LITERAL_CONVERSION = YES;
				CLANG_WARN_OBJC_ROOT_CLASS = YES_ERROR;
				CLANG_WARN_RANGE_LOOP_ANALYSIS = YES;
				CLANG_WARN_STRICT_PROTOTYPES = YES;
				CLANG_WARN_SUSPICIOUS_MOVE = YES;
				CLANG_WARN_UNGUARDED_AVAILABILITY = YES_AGGRESSIVE;
				CLANG_WARN_UNREACHABLE_CODE = YES;
				CLANG_WARN__DUPLICATE_METHOD_MATCH = YES;
				CODE_SIGN_IDENTITY = "iPhone Developer";
				COPY_PHASE_STRIP = NO;
				DEBUG_INFORMATION_FORMAT = dwarf;
				ENABLE_STRICT_OBJC_MSGSEND = YES;
				ENABLE_TESTABILITY = YES;
				GCC_C_LANGUAGE_STANDARD = gnu11;
				GCC_DYNAMIC_NO_PIC = NO;
				GCC_NO_COMMON_BLOCKS = YES;
				GCC_OPTIMIZATION_LEVEL = 0;
				GCC_PREPROCESSOR_DEFINITIONS = (
					"DEBUG=1",
					"$(inherited)",
				);
				GCC_WARN_64_TO_32_BIT_CONVERSION = YES;
				GCC_WARN_ABOUT_RETURN_TYPE = YES_ERROR;
				GCC_WARN_UNDECLARED_SELECTOR = YES;
				GCC_WARN_UNINITIALIZED_AUTOS = YES_AGGRESSIVE;
				GCC_WARN_UNUSED_FUNCTION = YES;
				GCC_WARN_UNUSED_VARIABLE = YES;
				IPHONEOS_DEPLOYMENT_TARGET = 12.1;
				MTL_ENABLE_DEBUG_INFO = INCLUDE_SOURCE;
				MTL_FAST_MATH = YES;
				ONLY_ACTIVE_ARCH = YES;
				SDKROOT = iphoneos;
			};
			name = Debug;
		};
		0B1D16DB21ED4107007E2C9D /* Release */ = {
			isa = XCBuildConfiguration;
			buildSettings = {
				ALWAYS_SEARCH_USER_PATHS = NO;
				CLANG_ANALYZER_NONNULL = YES;
				CLANG_ANALYZER_NUMBER_OBJECT_CONVERSION = YES_AGGRESSIVE;
				CLANG_CXX_LANGUAGE_STANDARD = "gnu++14";
				CLANG_CXX_LIBRARY = "libc++";
				CLANG_ENABLE_MODULES = YES;
				CLANG_ENABLE_OBJC_ARC = YES;
				CLANG_ENABLE_OBJC_WEAK = YES;
				CLANG_WARN_BLOCK_CAPTURE_AUTORELEASING = YES;
				CLANG_WARN_BOOL_CONVERSION = YES;
				CLANG_WARN_COMMA = YES;
				CLANG_WARN_CONSTANT_CONVERSION = YES;
				CLANG_WARN_DEPRECATED_OBJC_IMPLEMENTATIONS = YES;
				CLANG_WARN_DIRECT_OBJC_ISA_USAGE = YES_ERROR;
				CLANG_WARN_DOCUMENTATION_COMMENTS = YES;
				CLANG_WARN_EMPTY_BODY = YES;
				CLANG_WARN_ENUM_CONVERSION = YES;
				CLANG_WARN_INFINITE_RECURSION = YES;
				CLANG_WARN_INT_CONVERSION = YES;
				CLANG_WARN_NON_LITERAL_NULL_CONVERSION = YES;
				CLANG_WARN_OBJC_IMPLICIT_RETAIN_SELF = YES;
				CLANG_WARN_OBJC_LITERAL_CONVERSION = YES;
				CLANG_WARN_OBJC_ROOT_CLASS = YES_ERROR;
				CLANG_WARN_RANGE_LOOP_ANALYSIS = YES;
				CLANG_WARN_STRICT_PROTOTYPES = YES;
				CLANG_WARN_SUSPICIOUS_MOVE = YES;
				CLANG_WARN_UNGUARDED_AVAILABILITY = YES_AGGRESSIVE;
				CLANG_WARN_UNREACHABLE_CODE = YES;
				CLANG_WARN__DUPLICATE_METHOD_MATCH = YES;
				CODE_SIGN_IDENTITY = "iPhone Developer";
				COPY_PHASE_STRIP = NO;
				DEBUG_INFORMATION_FORMAT = "dwarf-with-dsym";
				ENABLE_NS_ASSERTIONS = NO;
				ENABLE_STRICT_OBJC_MSGSEND = YES;
				GCC_C_LANGUAGE_STANDARD = gnu11;
				GCC_NO_COMMON_BLOCKS = YES;
				GCC_WARN_64_TO_32_BIT_CONVERSION = YES;
				GCC_WARN_ABOUT_RETURN_TYPE = YES_ERROR;
				GCC_WARN_UNDECLARED_SELECTOR = YES;
				GCC_WARN_UNINITIALIZED_AUTOS = YES_AGGRESSIVE;
				GCC_WARN_UNUSED_FUNCTION = YES;
				GCC_WARN_UNUSED_VARIABLE = YES;
				IPHONEOS_DEPLOYMENT_TARGET = 12.1;
				MTL_ENABLE_DEBUG_INFO = NO;
				MTL_FAST_MATH = YES;
				SDKROOT = iphoneos;
				VALIDATE_PRODUCT = YES;
			};
			name = Release;
		};
		0B1D16DD21ED4107007E2C9D /* Debug */ = {
			isa = XCBuildConfiguration;
			buildSettings = {
				ASSETCATALOG_COMPILER_APPICON_NAME = AppIcon;
				CODE_SIGN_STYLE = Automatic;
				INFOPLIST_FILE = 2PlayerMath/Info.plist;
				LD_RUNPATH_SEARCH_PATHS = (
					"$(inherited)",
					"@executable_path/Frameworks",
				);
				PRODUCT_BUNDLE_IDENTIFIER = "com.spencersymington.-PlayerMath";
				PRODUCT_NAME = "$(TARGET_NAME)";
				TARGETED_DEVICE_FAMILY = "1,2";
			};
			name = Debug;
		};
		0B1D16DE21ED4107007E2C9D /* Release */ = {
			isa = XCBuildConfiguration;
			buildSettings = {
				ASSETCATALOG_COMPILER_APPICON_NAME = AppIcon;
				CODE_SIGN_STYLE = Automatic;
				INFOPLIST_FILE = 2PlayerMath/Info.plist;
				LD_RUNPATH_SEARCH_PATHS = (
					"$(inherited)",
					"@executable_path/Frameworks",
				);
				PRODUCT_BUNDLE_IDENTIFIER = "com.spencersymington.-PlayerMath";
				PRODUCT_NAME = "$(TARGET_NAME)";
				TARGETED_DEVICE_FAMILY = "1,2";
			};
			name = Release;
		};
		0B1D16E021ED4107007E2C9D /* Debug */ = {
			isa = XCBuildConfiguration;
			buildSettings = {
				BUNDLE_LOADER = "$(TEST_HOST)";
				CODE_SIGN_STYLE = Automatic;
				INFOPLIST_FILE = 2PlayerMathTests/Info.plist;
				LD_RUNPATH_SEARCH_PATHS = (
					"$(inherited)",
					"@executable_path/Frameworks",
					"@loader_path/Frameworks",
				);
				PRODUCT_BUNDLE_IDENTIFIER = "com.spencersymington.-PlayerMathTests";
				PRODUCT_NAME = "$(TARGET_NAME)";
				TARGETED_DEVICE_FAMILY = "1,2";
				TEST_HOST = "$(BUILT_PRODUCTS_DIR)/2PlayerMath.app/2PlayerMath";
			};
			name = Debug;
		};
		0B1D16E121ED4107007E2C9D /* Release */ = {
			isa = XCBuildConfiguration;
			buildSettings = {
				BUNDLE_LOADER = "$(TEST_HOST)";
				CODE_SIGN_STYLE = Automatic;
				INFOPLIST_FILE = 2PlayerMathTests/Info.plist;
				LD_RUNPATH_SEARCH_PATHS = (
					"$(inherited)",
					"@executable_path/Frameworks",
					"@loader_path/Frameworks",
				);
				PRODUCT_BUNDLE_IDENTIFIER = "com.spencersymington.-PlayerMathTests";
				PRODUCT_NAME = "$(TARGET_NAME)";
				TARGETED_DEVICE_FAMILY = "1,2";
				TEST_HOST = "$(BUILT_PRODUCTS_DIR)/2PlayerMath.app/2PlayerMath";
			};
			name = Release;
		};
		0B1D16E321ED4107007E2C9D /* Debug */ = {
			isa = XCBuildConfiguration;
			buildSettings = {
				CODE_SIGN_STYLE = Automatic;
				INFOPLIST_FILE = 2PlayerMathUITests/Info.plist;
				LD_RUNPATH_SEARCH_PATHS = (
					"$(inherited)",
					"@executable_path/Frameworks",
					"@loader_path/Frameworks",
				);
				PRODUCT_BUNDLE_IDENTIFIER = "com.spencersymington.-PlayerMathUITests";
				PRODUCT_NAME = "$(TARGET_NAME)";
				TARGETED_DEVICE_FAMILY = "1,2";
				TEST_TARGET_NAME = 2PlayerMath;
			};
			name = Debug;
		};
		0B1D16E421ED4107007E2C9D /* Release */ = {
			isa = XCBuildConfiguration;
			buildSettings = {
				CODE_SIGN_STYLE = Automatic;
				INFOPLIST_FILE = 2PlayerMathUITests/Info.plist;
				LD_RUNPATH_SEARCH_PATHS = (
					"$(inherited)",
					"@executable_path/Frameworks",
					"@loader_path/Frameworks",
				);
				PRODUCT_BUNDLE_IDENTIFIER = "com.spencersymington.-PlayerMathUITests";
				PRODUCT_NAME = "$(TARGET_NAME)";
				TARGETED_DEVICE_FAMILY = "1,2";
				TEST_TARGET_NAME = 2PlayerMath;
			};
			name = Release;
		};
/* End XCBuildConfiguration section */

/* Begin XCConfigurationList section */
		0B1D16AB21ED4105007E2C9D /* Build configuration list for PBXProject "2PlayerMath" */ = {
			isa = XCConfigurationList;
			buildConfigurations = (
				0B1D16DA21ED4107007E2C9D /* Debug */,
				0B1D16DB21ED4107007E2C9D /* Release */,
			);
			defaultConfigurationIsVisible = 0;
			defaultConfigurationName = Release;
		};
		0B1D16DC21ED4107007E2C9D /* Build configuration list for PBXNativeTarget "2PlayerMath" */ = {
			isa = XCConfigurationList;
			buildConfigurations = (
				0B1D16DD21ED4107007E2C9D /* Debug */,
				0B1D16DE21ED4107007E2C9D /* Release */,
			);
			defaultConfigurationIsVisible = 0;
			defaultConfigurationName = Release;
		};
		0B1D16DF21ED4107007E2C9D /* Build configuration list for PBXNativeTarget "2PlayerMathTests" */ = {
			isa = XCConfigurationList;
			buildConfigurations = (
				0B1D16E021ED4107007E2C9D /* Debug */,
				0B1D16E121ED4107007E2C9D /* Release */,
			);
			defaultConfigurationIsVisible = 0;
			defaultConfigurationName = Release;
		};
		0B1D16E221ED4107007E2C9D /* Build configuration list for PBXNativeTarget "2PlayerMathUITests" */ = {
			isa = XCConfigurationList;
			buildConfigurations = (
				0B1D16E321ED4107007E2C9D /* Debug */,
				0B1D16E421ED4107007E2C9D /* Release */,
			);
			defaultConfigurationIsVisible = 0;
			defaultConfigurationName = Release;
		};
/* End XCConfigurationList section */
	};
	rootObject = 0B1D16A821ED4105007E2C9D /* Project object */;
}
